
Microsoft Visual Studio Solution File, Format Version 12.00
# Visual Studio 2012
Project("{FAE04EC0-301F-11D3-BF4B-00C04F79EFBC}") = "pickkado.Front", "pickkado.Front\pickkado.Front.csproj", "{DFDB507C-7C1D-4E42-B736-ECBE9326AF73}"
EndProject
Project("{FAE04EC0-301F-11D3-BF4B-00C04F79EFBC}") = "pickkado.Front.Tests", "pickkado.Front.Tests\pickkado.Front.Tests.csproj", "{53A5D560-8E73-4132-85D2-9A57F7DB3C59}"
EndProject
Project("{FAE04EC0-301F-11D3-BF4B-00C04F79EFBC}") = "pickkado.Entities", "pickkado.Entities\pickkado.Entities.csproj", "{2648862B-855B-4CB1-A6A0-5ED761D00DF5}"
EndProject
Global
	GlobalSection(SolutionConfigurationPlatforms) = preSolution
		Debug|Any CPU = Debug|Any CPU
		Release|Any CPU = Release|Any CPU
	EndGlobalSection
	GlobalSection(ProjectConfigurationPlatforms) = postSolution
		{DFDB507C-7C1D-4E42-B736-ECBE9326AF73}.Debug|Any CPU.ActiveCfg = Debug|Any CPU
		{DFDB507C-7C1D-4E42-B736-ECBE9326AF73}.Debug|Any CPU.Build.0 = Debug|Any CPU
		{DFDB507C-7C1D-4E42-B736-ECBE9326AF73}.Release|Any CPU.ActiveCfg = Release|Any CPU
		{DFDB507C-7C1D-4E42-B736-ECBE9326AF73}.Release|Any CPU.Build.0 = Release|Any CPU
		{53A5D560-8E73-4132-85D2-9A57F7DB3C59}.Debug|Any CPU.ActiveCfg = Debug|Any CPU
		{53A5D560-8E73-4132-85D2-9A57F7DB3C59}.Debug|Any CPU.Build.0 = Debug|Any CPU
		{53A5D560-8E73-4132-85D2-9A57F7DB3C59}.Release|Any CPU.ActiveCfg = Release|Any CPU
		{53A5D560-8E73-4132-85D2-9A57F7DB3C59}.Release|Any CPU.Build.0 = Release|Any CPU
		{2648862B-855B-4CB1-A6A0-5ED761D00DF5}.Debug|Any CPU.ActiveCfg = Debug|Any CPU
		{2648862B-855B-4CB1-A6A0-5ED761D00DF5}.Debug|Any CPU.Build.0 = Debug|Any CPU
		{2648862B-855B-4CB1-A6A0-5ED761D00DF5}.Release|Any CPU.ActiveCfg = Release|Any CPU
		{2648862B-855B-4CB1-A6A0-5ED761D00DF5}.Release|Any CPU.Build.0 = Release|Any CPU
	EndGlobalSection
	GlobalSection(SolutionProperties) = preSolution
		HideSolutionNode = FALSE
	EndGlobalSection
EndGlobal
